
Microsoft Visual Studio Solution File, Format Version 12.00
Project("{2150E333-8FDC-42A3-9474-1A3956D46DE8}") = "Solution Files", "Solution Files", "{8DF1C660-59FB-4BA0-B933-A3E05BF81C8E}"
ProjectSection(SolutionItems) = preProject
	README.md = README.md
	.gitignore = .gitignore
	Directory.Build.props = Directory.Build.props
EndProjectSection
EndProject
Project("{FAE04EC0-301F-11D3-BF4B-00C04F79EFBC}") = "Terminal.Gui", "Vendor\Terminal.Gui\Terminal.Gui.csproj", "{922A5473-4EE3-4623-98B6-E1263943A928}"
EndProject
Project("{FAE04EC0-301F-11D3-BF4B-00C04F79EFBC}") = "ConsoleApp", "ConsoleApp\ConsoleApp.csproj", "{74103E47-5E20-4DAF-BE3B-64A6921C0AD7}"
EndProject
Project("{FAE04EC0-301F-11D3-BF4B-00C04F79EFBC}") = "GameEngine", "GameEngine\GameEngine.csproj", "{1618207F-54C0-448F-8305-197AD490AC3F}"
EndProject
Project("{FAE04EC0-301F-11D3-BF4B-00C04F79EFBC}") = "ConsoleGameEngineCore", "Vendor\ConsoleGameEngine-Core-0.0.3\ConsoleGameEngineCore.csproj", "{FDA564F4-D96C-4CEE-A74A-7564ECB31029}"
EndProject
Global
	GlobalSection(SolutionConfigurationPlatforms) = preSolution
		Debug|Any CPU = Debug|Any CPU
		Release|Any CPU = Release|Any CPU
	EndGlobalSection
	GlobalSection(ProjectConfigurationPlatforms) = postSolution
		{922A5473-4EE3-4623-98B6-E1263943A928}.Debug|Any CPU.ActiveCfg = Debug|Any CPU
		{922A5473-4EE3-4623-98B6-E1263943A928}.Debug|Any CPU.Build.0 = Debug|Any CPU
		{922A5473-4EE3-4623-98B6-E1263943A928}.Release|Any CPU.ActiveCfg = Release|Any CPU
		{922A5473-4EE3-4623-98B6-E1263943A928}.Release|Any CPU.Build.0 = Release|Any CPU
		{74103E47-5E20-4DAF-BE3B-64A6921C0AD7}.Debug|Any CPU.ActiveCfg = Debug|Any CPU
		{74103E47-5E20-4DAF-BE3B-64A6921C0AD7}.Debug|Any CPU.Build.0 = Debug|Any CPU
		{74103E47-5E20-4DAF-BE3B-64A6921C0AD7}.Release|Any CPU.ActiveCfg = Release|Any CPU
		{74103E47-5E20-4DAF-BE3B-64A6921C0AD7}.Release|Any CPU.Build.0 = Release|Any CPU
		{1618207F-54C0-448F-8305-197AD490AC3F}.Debug|Any CPU.ActiveCfg = Debug|Any CPU
		{1618207F-54C0-448F-8305-197AD490AC3F}.Debug|Any CPU.Build.0 = Debug|Any CPU
		{1618207F-54C0-448F-8305-197AD490AC3F}.Release|Any CPU.ActiveCfg = Release|Any CPU
		{1618207F-54C0-448F-8305-197AD490AC3F}.Release|Any CPU.Build.0 = Release|Any CPU
		{FDA564F4-D96C-4CEE-A74A-7564ECB31029}.Debug|Any CPU.ActiveCfg = Debug|Any CPU
		{FDA564F4-D96C-4CEE-A74A-7564ECB31029}.Debug|Any CPU.Build.0 = Debug|Any CPU
		{FDA564F4-D96C-4CEE-A74A-7564ECB31029}.Release|Any CPU.ActiveCfg = Release|Any CPU
		{FDA564F4-D96C-4CEE-A74A-7564ECB31029}.Release|Any CPU.Build.0 = Release|Any CPU
	EndGlobalSection
EndGlobal
