
Microsoft Visual Studio Solution File, Format Version 12.00
Project("{2150E333-8FDC-42A3-9474-1A3956D46DE8}") = "Solution Files", "Solution Files", "{8DF1C660-59FB-4BA0-B933-A3E05BF81C8E}"
ProjectSection(SolutionItems) = preProject
	README.md = README.md
	.gitignore = .gitignore
	Directory.Build.props = Directory.Build.props
EndProjectSection
EndProject
Project("{FAE04EC0-301F-11D3-BF4B-00C04F79EFBC}") = "Terminal.Gui", "Vendor\Terminal.Gui\Terminal.Gui.csproj", "{922A5473-4EE3-4623-98B6-E1263943A928}"
EndProject
Project("{FAE04EC0-301F-11D3-BF4B-00C04F79EFBC}") = "ConsoleApp", "ConsoleApp\ConsoleApp.csproj", "{74103E47-5E20-4DAF-BE3B-64A6921C0AD7}"
EndProject
Project("{FAE04EC0-301F-11D3-BF4B-00C04F79EFBC}") = "Game", "Game\Game.csproj", "{1618207F-54C0-448F-8305-197AD490AC3F}"
EndProject
Project("{FAE04EC0-301F-11D3-BF4B-00C04F79EFBC}") = "ConsoleGameEngineCore", "Vendor\ConsoleGameEngine-Core-0.0.3\ConsoleGameEngineCore.csproj", "{FDA564F4-D96C-4CEE-A74A-7564ECB31029}"
EndProject
Project("{FAE04EC0-301F-11D3-BF4B-00C04F79EFBC}") = "DAL", "DAL\DAL.csproj", "{27960417-CCEA-40BB-8F9C-760949DF1DA4}"
EndProject
Project("{FAE04EC0-301F-11D3-BF4B-00C04F79EFBC}") = "Tests", "Tests\Tests.csproj", "{5EC8BB53-E7C3-43A6-A835-99EFBDC2F723}"
EndProject
Project("{FAE04EC0-301F-11D3-BF4B-00C04F79EFBC}") = "WebApp", "WebApp\WebApp.csproj", "{9B061C69-5582-4DEF-A8B0-B8A2706CE0EE}"
EndProject
Project("{FAE04EC0-301F-11D3-BF4B-00C04F79EFBC}") = "Domain", "Domain\Domain.csproj", "{18ED55C5-0A86-4ADD-9599-5DE653E9D99F}"
EndProject
Global
	GlobalSection(SolutionConfigurationPlatforms) = preSolution
		Debug|Any CPU = Debug|Any CPU
		Release|Any CPU = Release|Any CPU
		Debug64|x64 = Debug64|x64
	EndGlobalSection
	GlobalSection(ProjectConfigurationPlatforms) = postSolution
		{922A5473-4EE3-4623-98B6-E1263943A928}.Debug|Any CPU.ActiveCfg = Debug|Any CPU
		{922A5473-4EE3-4623-98B6-E1263943A928}.Debug|Any CPU.Build.0 = Debug|Any CPU
		{922A5473-4EE3-4623-98B6-E1263943A928}.Release|Any CPU.ActiveCfg = Release|Any CPU
		{922A5473-4EE3-4623-98B6-E1263943A928}.Release|Any CPU.Build.0 = Release|Any CPU
		{922A5473-4EE3-4623-98B6-E1263943A928}.Debug64|x64.ActiveCfg = Debug64|x64
		{922A5473-4EE3-4623-98B6-E1263943A928}.Debug64|x64.Build.0 = Debug64|x64
		{74103E47-5E20-4DAF-BE3B-64A6921C0AD7}.Debug|Any CPU.ActiveCfg = Debug|Any CPU
		{74103E47-5E20-4DAF-BE3B-64A6921C0AD7}.Debug|Any CPU.Build.0 = Debug|Any CPU
		{74103E47-5E20-4DAF-BE3B-64A6921C0AD7}.Release|Any CPU.ActiveCfg = Release|Any CPU
		{74103E47-5E20-4DAF-BE3B-64A6921C0AD7}.Release|Any CPU.Build.0 = Release|Any CPU
		{74103E47-5E20-4DAF-BE3B-64A6921C0AD7}.Debug64|x64.ActiveCfg = Debug64|x64
		{74103E47-5E20-4DAF-BE3B-64A6921C0AD7}.Debug64|x64.Build.0 = Debug64|x64
		{1618207F-54C0-448F-8305-197AD490AC3F}.Release|Any CPU.ActiveCfg = Release|Any CPU
		{1618207F-54C0-448F-8305-197AD490AC3F}.Release|Any CPU.Build.0 = Release|Any CPU
		{1618207F-54C0-448F-8305-197AD490AC3F}.Debug|Any CPU.ActiveCfg = Debug|x64
		{1618207F-54C0-448F-8305-197AD490AC3F}.Debug|Any CPU.Build.0 = Debug|x64
		{1618207F-54C0-448F-8305-197AD490AC3F}.Debug64|x64.ActiveCfg = Debug64|x64
		{1618207F-54C0-448F-8305-197AD490AC3F}.Debug64|x64.Build.0 = Debug64|x64
		{FDA564F4-D96C-4CEE-A74A-7564ECB31029}.Debug|Any CPU.ActiveCfg = Debug|Any CPU
		{FDA564F4-D96C-4CEE-A74A-7564ECB31029}.Debug|Any CPU.Build.0 = Debug|Any CPU
		{FDA564F4-D96C-4CEE-A74A-7564ECB31029}.Release|Any CPU.ActiveCfg = Release|Any CPU
		{FDA564F4-D96C-4CEE-A74A-7564ECB31029}.Release|Any CPU.Build.0 = Release|Any CPU
		{FDA564F4-D96C-4CEE-A74A-7564ECB31029}.Debug64|x64.ActiveCfg = Debug64|x64
		{FDA564F4-D96C-4CEE-A74A-7564ECB31029}.Debug64|x64.Build.0 = Debug64|x64
		{27960417-CCEA-40BB-8F9C-760949DF1DA4}.Debug|Any CPU.ActiveCfg = Debug|Any CPU
		{27960417-CCEA-40BB-8F9C-760949DF1DA4}.Debug|Any CPU.Build.0 = Debug|Any CPU
		{27960417-CCEA-40BB-8F9C-760949DF1DA4}.Release|Any CPU.ActiveCfg = Release|Any CPU
		{27960417-CCEA-40BB-8F9C-760949DF1DA4}.Release|Any CPU.Build.0 = Release|Any CPU
		{27960417-CCEA-40BB-8F9C-760949DF1DA4}.Debug64|x64.ActiveCfg = Debug64|x64
		{27960417-CCEA-40BB-8F9C-760949DF1DA4}.Debug64|x64.Build.0 = Debug64|x64
		{5EC8BB53-E7C3-43A6-A835-99EFBDC2F723}.Debug|Any CPU.ActiveCfg = Debug|Any CPU
		{5EC8BB53-E7C3-43A6-A835-99EFBDC2F723}.Debug|Any CPU.Build.0 = Debug|Any CPU
		{5EC8BB53-E7C3-43A6-A835-99EFBDC2F723}.Release|Any CPU.ActiveCfg = Release|Any CPU
		{5EC8BB53-E7C3-43A6-A835-99EFBDC2F723}.Release|Any CPU.Build.0 = Release|Any CPU
		{5EC8BB53-E7C3-43A6-A835-99EFBDC2F723}.Debug64|x64.ActiveCfg = Debug64|x64
		{5EC8BB53-E7C3-43A6-A835-99EFBDC2F723}.Debug64|x64.Build.0 = Debug64|x64
		{9B061C69-5582-4DEF-A8B0-B8A2706CE0EE}.Debug|Any CPU.ActiveCfg = Debug|Any CPU
		{9B061C69-5582-4DEF-A8B0-B8A2706CE0EE}.Debug|Any CPU.Build.0 = Debug|Any CPU
		{9B061C69-5582-4DEF-A8B0-B8A2706CE0EE}.Release|Any CPU.ActiveCfg = Release|Any CPU
		{9B061C69-5582-4DEF-A8B0-B8A2706CE0EE}.Release|Any CPU.Build.0 = Release|Any CPU
		{9B061C69-5582-4DEF-A8B0-B8A2706CE0EE}.Debug64|x64.ActiveCfg = Debug|Any CPU
		{9B061C69-5582-4DEF-A8B0-B8A2706CE0EE}.Debug64|x64.Build.0 = Debug|Any CPU
		{18ED55C5-0A86-4ADD-9599-5DE653E9D99F}.Debug|Any CPU.ActiveCfg = Debug|Any CPU
		{18ED55C5-0A86-4ADD-9599-5DE653E9D99F}.Debug|Any CPU.Build.0 = Debug|Any CPU
		{18ED55C5-0A86-4ADD-9599-5DE653E9D99F}.Release|Any CPU.ActiveCfg = Release|Any CPU
		{18ED55C5-0A86-4ADD-9599-5DE653E9D99F}.Release|Any CPU.Build.0 = Release|Any CPU
		{18ED55C5-0A86-4ADD-9599-5DE653E9D99F}.Debug64|x64.ActiveCfg = Debug|Any CPU
		{18ED55C5-0A86-4ADD-9599-5DE653E9D99F}.Debug64|x64.Build.0 = Debug|Any CPU
	EndGlobalSection
EndGlobal
